
Microsoft Visual Studio Solution File, Format Version 12.00
# Visual Studio Version 16
VisualStudioVersion = 16.0.31729.503
MinimumVisualStudioVersion = 10.0.40219.1
Project("{FAE04EC0-301F-11D3-BF4B-00C04F79EFBC}") = "QLThanhToan", "QLThanhToan\QLThanhToan.csproj", "{8337B178-3F35-4CFB-9421-D08B03B9CEE9}"
EndProject
Global
	GlobalSection(SolutionConfigurationPlatforms) = preSolution
		Debug|Any CPU = Debug|Any CPU
		Release|Any CPU = Release|Any CPU
	EndGlobalSection
	GlobalSection(ProjectConfigurationPlatforms) = postSolution
		{8337B178-3F35-4CFB-9421-D08B03B9CEE9}.Debug|Any CPU.ActiveCfg = Debug|Any CPU
		{8337B178-3F35-4CFB-9421-D08B03B9CEE9}.Debug|Any CPU.Build.0 = Debug|Any CPU
		{8337B178-3F35-4CFB-9421-D08B03B9CEE9}.Release|Any CPU.ActiveCfg = Release|Any CPU
		{8337B178-3F35-4CFB-9421-D08B03B9CEE9}.Release|Any CPU.Build.0 = Release|Any CPU
	EndGlobalSection
	GlobalSection(SolutionProperties) = preSolution
		HideSolutionNode = FALSE
	EndGlobalSection
	GlobalSection(ExtensibilityGlobals) = postSolution
		SolutionGuid = {81276BDB-3AAD-4BDE-BE41-93BC1E69544A}
	EndGlobalSection
EndGlobal
