
Microsoft Visual Studio Solution File, Format Version 9.00
# Visual Studio 2005
Project("{54435603-DBB4-11D2-8724-00A0C9A8B90C}") = "QuanLyDienNuoc", "QuanLyDienNuoc.vdproj", "{9F21A7D6-2C19-4ADC-90A6-5F0FB3A449F1}"
EndProject
Global
	GlobalSection(SolutionConfigurationPlatforms) = preSolution
		Debug|Default = Debug|Default
		Release|Default = Release|Default
	EndGlobalSection
	GlobalSection(ProjectConfigurationPlatforms) = postSolution
		{9F21A7D6-2C19-4ADC-90A6-5F0FB3A449F1}.Debug|Default.ActiveCfg = Debug
		{9F21A7D6-2C19-4ADC-90A6-5F0FB3A449F1}.Debug|Default.Build.0 = Debug
		{9F21A7D6-2C19-4ADC-90A6-5F0FB3A449F1}.Release|Default.ActiveCfg = Release
		{9F21A7D6-2C19-4ADC-90A6-5F0FB3A449F1}.Release|Default.Build.0 = Release
	EndGlobalSection
	GlobalSection(SolutionProperties) = preSolution
		HideSolutionNode = FALSE
	EndGlobalSection
EndGlobal
